
Microsoft Visual Studio Solution File, Format Version 12.00
Project("{FAE04EC0-301F-11D3-BF4B-00C04F79EFBC}") = "HForroDotNet", "HForroDotNet\HForroDotNet.csproj", "{79C700FD-7FEF-424B-9EAB-8B8D37050012}"
EndProject
Project("{FAE04EC0-301F-11D3-BF4B-00C04F79EFBC}") = "HForroDotNetTests", "HForroDotNetTests\HForroDotNetTests.csproj", "{0ED69935-F9FF-4B0F-AC22-0862220472F7}"
EndProject
Global
	GlobalSection(SolutionConfigurationPlatforms) = preSolution
		Debug|Any CPU = Debug|Any CPU
		Release|Any CPU = Release|Any CPU
	EndGlobalSection
	GlobalSection(ProjectConfigurationPlatforms) = postSolution
		{79C700FD-7FEF-424B-9EAB-8B8D37050012}.Debug|Any CPU.ActiveCfg = Debug|Any CPU
		{79C700FD-7FEF-424B-9EAB-8B8D37050012}.Debug|Any CPU.Build.0 = Debug|Any CPU
		{79C700FD-7FEF-424B-9EAB-8B8D37050012}.Release|Any CPU.ActiveCfg = Release|Any CPU
		{79C700FD-7FEF-424B-9EAB-8B8D37050012}.Release|Any CPU.Build.0 = Release|Any CPU
		{0ED69935-F9FF-4B0F-AC22-0862220472F7}.Debug|Any CPU.ActiveCfg = Debug|Any CPU
		{0ED69935-F9FF-4B0F-AC22-0862220472F7}.Debug|Any CPU.Build.0 = Debug|Any CPU
		{0ED69935-F9FF-4B0F-AC22-0862220472F7}.Release|Any CPU.ActiveCfg = Release|Any CPU
		{0ED69935-F9FF-4B0F-AC22-0862220472F7}.Release|Any CPU.Build.0 = Release|Any CPU
	EndGlobalSection
EndGlobal
